
Microsoft Visual Studio Solution File, Format Version 12.00
# Visual Studio Version 17
VisualStudioVersion = 17.8.34309.116
MinimumVisualStudioVersion = 10.0.40219.1
Project("{FAE04EC0-301F-11D3-BF4B-00C04F79EFBC}") = "ProyectoFinalDelegatesC#", "ProyectoFinalDelegatesC#\ProyectoFinalDelegatesC#.csproj", "{22DC57E6-9254-4B16-9C42-75D466424B1E}"
EndProject
Global
	GlobalSection(SolutionConfigurationPlatforms) = preSolution
		Debug|Any CPU = Debug|Any CPU
		Release|Any CPU = Release|Any CPU
	EndGlobalSection
	GlobalSection(ProjectConfigurationPlatforms) = postSolution
		{22DC57E6-9254-4B16-9C42-75D466424B1E}.Debug|Any CPU.ActiveCfg = Debug|Any CPU
		{22DC57E6-9254-4B16-9C42-75D466424B1E}.Debug|Any CPU.Build.0 = Debug|Any CPU
		{22DC57E6-9254-4B16-9C42-75D466424B1E}.Release|Any CPU.ActiveCfg = Release|Any CPU
		{22DC57E6-9254-4B16-9C42-75D466424B1E}.Release|Any CPU.Build.0 = Release|Any CPU
	EndGlobalSection
	GlobalSection(SolutionProperties) = preSolution
		HideSolutionNode = FALSE
	EndGlobalSection
	GlobalSection(ExtensibilityGlobals) = postSolution
		SolutionGuid = {ECDAFC13-0B37-46A2-88B3-C4E8B429B250}
	EndGlobalSection
EndGlobal
